{
  "name": "@js-soft/node-red-eudiplo-connector",
  "version": "0.1.0-alpha.1",
  "lockfileVersion": 3,
  "requires": true,
  "packages": {
    "": {
      "name": "@js-soft/node-red-eudiplo-connector",
      "version": "0.1.0-alpha.1",
      "license": "MIT",
      "dependencies": {
        "@eudiplo/sdk-core": "7.5.0"
      },
      "engines": {
        "node": "24.x"
      }
    },
    "node_modules/@eudiplo/sdk-core": {
      "version": "7.5.0",
      "resolved": "https://registry.npmjs.org/@eudiplo/sdk-core/-/sdk-core-7.5.0.tgz",
      "integrity": "sha512-ZygK3ZQrkGVDt+qCJn1zeD33D78f7FL+f4lgvM0dzqQ8X+WGPLRMESt8SWcvAIYfB4kM8k/5DwFnCEbznvljGA==",
      "license": "Apache-2.0",
      "engines": {
        "node": ">=20.0.0"
      }
    }
  }
}
