{
  "name": "@js-soft/node-red-eudiplo-connector",
  "version": "0.1.0-alpha.1",
  "lockfileVersion": 3,
  "requires": true,
  "packages": {
    "": {
      "name": "@js-soft/node-red-eudiplo-connector",
      "version": "0.1.0-alpha.1",
      "license": "MIT",
      "dependencies": {
        "@eudiplo/sdk-core": "7.6.1"
      },
      "engines": {
        "node": "24.x"
      }
    },
    "node_modules/@eudiplo/sdk-core": {
      "version": "7.6.1",
      "resolved": "https://registry.npmjs.org/@eudiplo/sdk-core/-/sdk-core-7.6.1.tgz",
      "integrity": "sha512-Sj7T5gysLxQTBUu/QAkn8HH4aGo4rR0OU+Z01qspW2b/YfO2B9RtQ+AviDoFYuCbJVeZGz4D2GSDefPgRKv7NA==",
      "license": "Apache-2.0",
      "engines": {
        "node": ">=20.0.0"
      }
    }
  }
}
