{
  "name": "@js-soft/node-red-eudiplo-connector",
  "version": "0.1.0-alpha.1",
  "lockfileVersion": 3,
  "requires": true,
  "packages": {
    "": {
      "name": "@js-soft/node-red-eudiplo-connector",
      "version": "0.1.0-alpha.1",
      "license": "MIT",
      "dependencies": {
        "@eudiplo/sdk-core": "4.1.0"
      },
      "engines": {
        "node": "24.x"
      }
    },
    "node_modules/@eudiplo/sdk-core": {
      "version": "4.1.0",
      "resolved": "https://registry.npmjs.org/@eudiplo/sdk-core/-/sdk-core-4.1.0.tgz",
      "integrity": "sha512-eYF+VtRB+tp7v8XKa76opKgJzpVIfWy/dUsLh9+AeGWBfu2NQff+4M+JOFY4sJNUeP/HH1HVG1AyQCH61cVGzw==",
      "license": "Apache-2.0",
      "engines": {
        "node": ">=20.0.0"
      }
    }
  }
}
